// !$*UTF8*$!
{
	archiveVersion = 1;
	classes = {
	};
	objectVersion = 56;
	objects = {

/* Begin PBXBuildFile section */
		3A3AB1F62A92BE1700A55C74 /* SallyNotesApp.swift in Sources */ = {isa = PBXBuildFile; fileRef = 3A3AB1F52A92BE1700A55C74 /* SallyNotesApp.swift */; };
		3A3AB1F82A92BE1700A55C74 /* ContentView.swift in Sources */ = {isa = PBXBuildFile; fileRef = 3A3AB1F72A92BE1700A55C74 /* ContentView.swift */; };
		3A3AB1FA2A92BE1800A55C74 /* Assets.xcassets in Resources */ = {isa = PBXBuildFile; fileRef = 3A3AB1F92A92BE1800A55C74 /* Assets.xcassets */; };
		3A3AB1FE2A92BE1800A55C74 /* Preview Assets.xcassets in Resources */ = {isa = PBXBuildFile; fileRef = 3A3AB1FD2A92BE1800A55C74 /* Preview Assets.xcassets */; };
		3A3AB2082A92BE1800A55C74 /* SallyNotesTests.swift in Sources */ = {isa = PBXBuildFile; fileRef = 3A3AB2072A92BE1800A55C74 /* SallyNotesTests.swift */; };
		3A3AB2122A92BE1800A55C74 /* SallyNotesUITests.swift in Sources */ = {isa = PBXBuildFile; fileRef = 3A3AB2112A92BE1800A55C74 /* SallyNotesUITests.swift */; };
		3A3AB2142A92BE1800A55C74 /* SallyNotesUITestsLaunchTests.swift in Sources */ = {isa = PBXBuildFile; fileRef = 3A3AB2132A92BE1800A55C74 /* SallyNotesUITestsLaunchTests.swift */; };
/* End PBXBuildFile section */

/* Begin PBXContainerItemProxy section */
		3A3AB2042A92BE1800A55C74 /* PBXContainerItemProxy */ = {
			isa = PBXContainerItemProxy;
			containerPortal = 3A3AB1EA2A92BE1700A55C74 /* Project object */;
			proxyType = 1;
			remoteGlobalIDString = 3A3AB1F12A92BE1700A55C74;
			remoteInfo = SallyNotes;
		};
		3A3AB20E2A92BE1800A55C74 /* PBXContainerItemProxy */ = {
			isa = PBXContainerItemProxy;
			containerPortal = 3A3AB1EA2A92BE1700A55C74 /* Project object */;
			proxyType = 1;
			remoteGlobalIDString = 3A3AB1F12A92BE1700A55C74;
			remoteInfo = SallyNotes;
		};
/* End PBXContainerItemProxy section */

/* Begin PBXFileReference section */
		3A3AB1F22A92BE1700A55C74 /* SallyNotes.app */ = {isa = PBXFileReference; explicitFileType = wrapper.application; includeInIndex = 0; path = SallyNotes.app; sourceTree = BUILT_PRODUCTS_DIR; };
		3A3AB1F52A92BE1700A55C74 /* SallyNotesApp.swift */ = {isa = PBXFileReference; lastKnownFileType = sourcecode.swift; path = SallyNotesApp.swift; sourceTree = "<group>"; };
		3A3AB1F72A92BE1700A55C74 /* ContentView.swift */ = {isa = PBXFileReference; lastKnownFileType = sourcecode.swift; path = ContentView.swift; sourceTree = "<group>"; };
		3A3AB1F92A92BE1800A55C74 /* Assets.xcassets */ = {isa = PBXFileReference; lastKnownFileType = folder.assetcatalog; path = Assets.xcassets; sourceTree = "<group>"; };
		3A3AB1FB2A92BE1800A55C74 /* SallyNotes.entitlements */ = {isa = PBXFileReference; lastKnownFileType = text.plist.entitlements; path = SallyNotes.entitlements; sourceTree = "<group>"; };
		3A3AB1FD2A92BE1800A55C74 /* Preview Assets.xcassets */ = {isa = PBXFileReference; lastKnownFileType = folder.assetcatalog; path = "Preview Assets.xcassets"; sourceTree = "<group>"; };
		3A3AB2032A92BE1800A55C74 /* SallyNotesTests.xctest */ = {isa = PBXFileReference; explicitFileType = wrapper.cfbundle; includeInIndex = 0; path = SallyNotesTests.xctest; sourceTree = BUILT_PRODUCTS_DIR; };
		3A3AB2072A92BE1800A55C74 /* SallyNotesTests.swift */ = {isa = PBXFileReference; lastKnownFileType = sourcecode.swift; path = SallyNotesTests.swift; sourceTree = "<group>"; };
		3A3AB20D2A92BE1800A55C74 /* SallyNotesUITests.xctest */ = {isa = PBXFileReference; explicitFileType = wrapper.cfbundle; includeInIndex = 0; path = SallyNotesUITests.xctest; sourceTree = BUILT_PRODUCTS_DIR; };
		3A3AB2112A92BE1800A55C74 /* SallyNotesUITests.swift */ = {isa = PBXFileReference; lastKnownFileType = sourcecode.swift; path = SallyNotesUITests.swift; sourceTree = "<group>"; };
		3A3AB2132A92BE1800A55C74 /* SallyNotesUITestsLaunchTests.swift */ = {isa = PBXFileReference; lastKnownFileType = sourcecode.swift; path = SallyNotesUITestsLaunchTests.swift; sourceTree = "<group>"; };
/* End PBXFileReference section */

/* Begin PBXFrameworksBuildPhase section */
		3A3AB1EF2A92BE1700A55C74 /* Frameworks */ = {
			isa = PBXFrameworksBuildPhase;
			buildActionMask = 2147483647;
			files = (
			);
			runOnlyForDeploymentPostprocessing = 0;
		};
		3A3AB2002A92BE1800A55C74 /* Frameworks */ = {
			isa = PBXFrameworksBuildPhase;
			buildActionMask = 2147483647;
			files = (
			);
			runOnlyForDeploymentPostprocessing = 0;
		};
		3A3AB20A2A92BE1800A55C74 /* Frameworks */ = {
			isa = PBXFrameworksBuildPhase;
			buildActionMask = 2147483647;
			files = (
			);
			runOnlyForDeploymentPostprocessing = 0;
		};
/* End PBXFrameworksBuildPhase section */

/* Begin PBXGroup section */
		3A3AB1E92A92BE1700A55C74 = {
			isa = PBXGroup;
			children = (
				3A3AB1F42A92BE1700A55C74 /* SallyNotes */,
				3A3AB2062A92BE1800A55C74 /* SallyNotesTests */,
				3A3AB2102A92BE1800A55C74 /* SallyNotesUITests */,
				3A3AB1F32A92BE1700A55C74 /* Products */,
			);
			sourceTree = "<group>";
		};
		3A3AB1F32A92BE1700A55C74 /* Products */ = {
			isa = PBXGroup;
			children = (
				3A3AB1F22A92BE1700A55C74 /* SallyNotes.app */,
				3A3AB2032A92BE1800A55C74 /* SallyNotesTests.xctest */,
				3A3AB20D2A92BE1800A55C74 /* SallyNotesUITests.xctest */,
			);
			name = Products;
			sourceTree = "<group>";
		};
		3A3AB1F42A92BE1700A55C74 /* SallyNotes */ = {
			isa = PBXGroup;
			children = (
				3A3AB1F52A92BE1700A55C74 /* SallyNotesApp.swift */,
				3A3AB1F72A92BE1700A55C74 /* ContentView.swift */,
				3A3AB1F92A92BE1800A55C74 /* Assets.xcassets */,
				3A3AB1FB2A92BE1800A55C74 /* SallyNotes.entitlements */,
				3A3AB1FC2A92BE1800A55C74 /* Preview Content */,
			);
			path = SallyNotes;
			sourceTree = "<group>";
		};
		3A3AB1FC2A92BE1800A55C74 /* Preview Content */ = {
			isa = PBXGroup;
			children = (
				3A3AB1FD2A92BE1800A55C74 /* Preview Assets.xcassets */,
			);
			path = "Preview Content";
			sourceTree = "<group>";
		};
		3A3AB2062A92BE1800A55C74 /* SallyNotesTests */ = {
			isa = PBXGroup;
			children = (
				3A3AB2072A92BE1800A55C74 /* SallyNotesTests.swift */,
			);
			path = SallyNotesTests;
			sourceTree = "<group>";
		};
		3A3AB2102A92BE1800A55C74 /* SallyNotesUITests */ = {
			isa = PBXGroup;
			children = (
				3A3AB2112A92BE1800A55C74 /* SallyNotesUITests.swift */,
				3A3AB2132A92BE1800A55C74 /* SallyNotesUITestsLaunchTests.swift */,
			);
			path = SallyNotesUITests;
			sourceTree = "<group>";
		};
/* End PBXGroup section */

/* Begin PBXNativeTarget section */
		3A3AB1F12A92BE1700A55C74 /* SallyNotes */ = {
			isa = PBXNativeTarget;
			buildConfigurationList = 3A3AB2172A92BE1800A55C74 /* Build configuration list for PBXNativeTarget "SallyNotes" */;
			buildPhases = (
				3A3AB1EE2A92BE1700A55C74 /* Sources */,
				3A3AB1EF2A92BE1700A55C74 /* Frameworks */,
				3A3AB1F02A92BE1700A55C74 /* Resources */,
			);
			buildRules = (
			);
			dependencies = (
			);
			name = SallyNotes;
			productName = SallyNotes;
			productReference = 3A3AB1F22A92BE1700A55C74 /* SallyNotes.app */;
			productType = "com.apple.product-type.application";
		};
		3A3AB2022A92BE1800A55C74 /* SallyNotesTests */ = {
			isa = PBXNativeTarget;
			buildConfigurationList = 3A3AB21A2A92BE1800A55C74 /* Build configuration list for PBXNativeTarget "SallyNotesTests" */;
			buildPhases = (
				3A3AB1FF2A92BE1800A55C74 /* Sources */,
				3A3AB2002A92BE1800A55C74 /* Frameworks */,
				3A3AB2012A92BE1800A55C74 /* Resources */,
			);
			buildRules = (
			);
			dependencies = (
				3A3AB2052A92BE1800A55C74 /* PBXTargetDependency */,
			);
			name = SallyNotesTests;
			productName = SallyNotesTests;
			productReference = 3A3AB2032A92BE1800A55C74 /* SallyNotesTests.xctest */;
			productType = "com.apple.product-type.bundle.unit-test";
		};
		3A3AB20C2A92BE1800A55C74 /* SallyNotesUITests */ = {
			isa = PBXNativeTarget;
			buildConfigurationList = 3A3AB21D2A92BE1800A55C74 /* Build configuration list for PBXNativeTarget "SallyNotesUITests" */;
			buildPhases = (
				3A3AB2092A92BE1800A55C74 /* Sources */,
				3A3AB20A2A92BE1800A55C74 /* Frameworks */,
				3A3AB20B2A92BE1800A55C74 /* Resources */,
			);
			buildRules = (
			);
			dependencies = (
				3A3AB20F2A92BE1800A55C74 /* PBXTargetDependency */,
			);
			name = SallyNotesUITests;
			productName = SallyNotesUITests;
			productReference = 3A3AB20D2A92BE1800A55C74 /* SallyNotesUITests.xctest */;
			productType = "com.apple.product-type.bundle.ui-testing";
		};
/* End PBXNativeTarget section */

/* Begin PBXProject section */
		3A3AB1EA2A92BE1700A55C74 /* Project object */ = {
			isa = PBXProject;
			attributes = {
				BuildIndependentTargetsInParallel = 1;
				LastSwiftUpdateCheck = 1430;
				LastUpgradeCheck = 1430;
				TargetAttributes = {
					3A3AB1F12A92BE1700A55C74 = {
						CreatedOnToolsVersion = 14.3.1;
					};
					3A3AB2022A92BE1800A55C74 = {
						CreatedOnToolsVersion = 14.3.1;
						TestTargetID = 3A3AB1F12A92BE1700A55C74;
					};
					3A3AB20C2A92BE1800A55C74 = {
						CreatedOnToolsVersion = 14.3.1;
						TestTargetID = 3A3AB1F12A92BE1700A55C74;
					};
				};
			};
			buildConfigurationList = 3A3AB1ED2A92BE1700A55C74 /* Build configuration list for PBXProject "SallyNotes" */;
			compatibilityVersion = "Xcode 14.0";
			developmentRegion = en;
			hasScannedForEncodings = 0;
			knownRegions = (
				en,
				Base,
			);
			mainGroup = 3A3AB1E92A92BE1700A55C74;
			productRefGroup = 3A3AB1F32A92BE1700A55C74 /* Products */;
			projectDirPath = "";
			projectRoot = "";
			targets = (
				3A3AB1F12A92BE1700A55C74 /* SallyNotes */,
				3A3AB2022A92BE1800A55C74 /* SallyNotesTests */,
				3A3AB20C2A92BE1800A55C74 /* SallyNotesUITests */,
			);
		};
/* End PBXProject section */

/* Begin PBXResourcesBuildPhase section */
		3A3AB1F02A92BE1700A55C74 /* Resources */ = {
			isa = PBXResourcesBuildPhase;
			buildActionMask = 2147483647;
			files = (
				3A3AB1FE2A92BE1800A55C74 /* Preview Assets.xcassets in Resources */,
				3A3AB1FA2A92BE1800A55C74 /* Assets.xcassets in Resources */,
			);
			runOnlyForDeploymentPostprocessing = 0;
		};
		3A3AB2012A92BE1800A55C74 /* Resources */ = {
			isa = PBXResourcesBuildPhase;
			buildActionMask = 2147483647;
			files = (
			);
			runOnlyForDeploymentPostprocessing = 0;
		};
		3A3AB20B2A92BE1800A55C74 /* Resources */ = {
			isa = PBXResourcesBuildPhase;
			buildActionMask = 2147483647;
			files = (
			);
			runOnlyForDeploymentPostprocessing = 0;
		};
/* End PBXResourcesBuildPhase section */

/* Begin PBXSourcesBuildPhase section */
		3A3AB1EE2A92BE1700A55C74 /* Sources */ = {
			isa = PBXSourcesBuildPhase;
			buildActionMask = 2147483647;
			files = (
				3A3AB1F82A92BE1700A55C74 /* ContentView.swift in Sources */,
				3A3AB1F62A92BE1700A55C74 /* SallyNotesApp.swift in Sources */,
			);
			runOnlyForDeploymentPostprocessing = 0;
		};
		3A3AB1FF2A92BE1800A55C74 /* Sources */ = {
			isa = PBXSourcesBuildPhase;
			buildActionMask = 2147483647;
			files = (
				3A3AB2082A92BE1800A55C74 /* SallyNotesTests.swift in Sources */,
			);
			runOnlyForDeploymentPostprocessing = 0;
		};
		3A3AB2092A92BE1800A55C74 /* Sources */ = {
			isa = PBXSourcesBuildPhase;
			buildActionMask = 2147483647;
			files = (
				3A3AB2142A92BE1800A55C74 /* SallyNotesUITestsLaunchTests.swift in Sources */,
				3A3AB2122A92BE1800A55C74 /* SallyNotesUITests.swift in Sources */,
			);
			runOnlyForDeploymentPostprocessing = 0;
		};
/* End PBXSourcesBuildPhase section */

/* Begin PBXTargetDependency section */
		3A3AB2052A92BE1800A55C74 /* PBXTargetDependency */ = {
			isa = PBXTargetDependency;
			target = 3A3AB1F12A92BE1700A55C74 /* SallyNotes */;
			targetProxy = 3A3AB2042A92BE1800A55C74 /* PBXContainerItemProxy */;
		};
		3A3AB20F2A92BE1800A55C74 /* PBXTargetDependency */ = {
			isa = PBXTargetDependency;
			target = 3A3AB1F12A92BE1700A55C74 /* SallyNotes */;
			targetProxy = 3A3AB20E2A92BE1800A55C74 /* PBXContainerItemProxy */;
		};
/* End PBXTargetDependency section */

/* Begin XCBuildConfiguration section */
		3A3AB2152A92BE1800A55C74 /* Debug */ = {
			isa = XCBuildConfiguration;
			buildSettings = {
				ALWAYS_SEARCH_USER_PATHS = NO;
				CLANG_ANALYZER_NONNULL = YES;
				CLANG_ANALYZER_NUMBER_OBJECT_CONVERSION = YES_AGGRESSIVE;
				CLANG_CXX_LANGUAGE_STANDARD = "gnu++20";
				CLANG_ENABLE_MODULES = YES;
				CLANG_ENABLE_OBJC_ARC = YES;
				CLANG_ENABLE_OBJC_WEAK = YES;
				CLANG_WARN_BLOCK_CAPTURE_AUTORELEASING = YES;
				CLANG_WARN_BOOL_CONVERSION = YES;
				CLANG_WARN_COMMA = YES;
				CLANG_WARN_CONSTANT_CONVERSION = YES;
				CLANG_WARN_DEPRECATED_OBJC_IMPLEMENTATIONS = YES;
				CLANG_WARN_DIRECT_OBJC_ISA_USAGE = YES_ERROR;
				CLANG_WARN_DOCUMENTATION_COMMENTS = YES;
				CLANG_WARN_EMPTY_BODY = YES;
				CLANG_WARN_ENUM_CONVERSION = YES;
				CLANG_WARN_INFINITE_RECURSION = YES;
				CLANG_WARN_INT_CONVERSION = YES;
				CLANG_WARN_NON_LITERAL_NULL_CONVERSION = YES;
				CLANG_WARN_OBJC_IMPLICIT_RETAIN_SELF = YES;
				CLANG_WARN_OBJC_LITERAL_CONVERSION = YES;
				CLANG_WARN_OBJC_ROOT_CLASS = YES_ERROR;
				CLANG_WARN_QUOTED_INCLUDE_IN_FRAMEWORK_HEADER = YES;
				CLANG_WARN_RANGE_LOOP_ANALYSIS = YES;
				CLANG_WARN_STRICT_PROTOTYPES = YES;
				CLANG_WARN_SUSPICIOUS_MOVE = YES;
				CLANG_WARN_UNGUARDED_AVAILABILITY = YES_AGGRESSIVE;
				CLANG_WARN_UNREACHABLE_CODE = YES;
				CLANG_WARN__DUPLICATE_METHOD_MATCH = YES;
				COPY_PHASE_STRIP = NO;
				DEBUG_INFORMATION_FORMAT = dwarf;
				ENABLE_STRICT_OBJC_MSGSEND = YES;
				ENABLE_TESTABILITY = YES;
				GCC_C_LANGUAGE_STANDARD = gnu11;
				GCC_DYNAMIC_NO_PIC = NO;
				GCC_NO_COMMON_BLOCKS = YES;
				GCC_OPTIMIZATION_LEVEL = 0;
				GCC_PREPROCESSOR_DEFINITIONS = (
					"DEBUG=1",
					"$(inherited)",
				);
				GCC_WARN_64_TO_32_BIT_CONVERSION = YES;
				GCC_WARN_ABOUT_RETURN_TYPE = YES_ERROR;
				GCC_WARN_UNDECLARED_SELECTOR = YES;
				GCC_WARN_UNINITIALIZED_AUTOS = YES_AGGRESSIVE;
				GCC_WARN_UNUSED_FUNCTION = YES;
				GCC_WARN_UNUSED_VARIABLE = YES;
				MTL_ENABLE_DEBUG_INFO = INCLUDE_SOURCE;
				MTL_FAST_MATH = YES;
				ONLY_ACTIVE_ARCH = YES;
				SWIFT_ACTIVE_COMPILATION_CONDITIONS = DEBUG;
				SWIFT_OPTIMIZATION_LEVEL = "-Onone";
			};
			name = Debug;
		};
		3A3AB2162A92BE1800A55C74 /* Release */ = {
			isa = XCBuildConfiguration;
			buildSettings = {
				ALWAYS_SEARCH_USER_PATHS = NO;
				CLANG_ANALYZER_NONNULL = YES;
				CLANG_ANALYZER_NUMBER_OBJECT_CONVERSION = YES_AGGRESSIVE;
				CLANG_CXX_LANGUAGE_STANDARD = "gnu++20";
				CLANG_ENABLE_MODULES = YES;
				CLANG_ENABLE_OBJC_ARC = YES;
				CLANG_ENABLE_OBJC_WEAK = YES;
				CLANG_WARN_BLOCK_CAPTURE_AUTORELEASING = YES;
				CLANG_WARN_BOOL_CONVERSION = YES;
				CLANG_WARN_COMMA = YES;
				CLANG_WARN_CONSTANT_CONVERSION = YES;
				CLANG_WARN_DEPRECATED_OBJC_IMPLEMENTATIONS = YES;
				CLANG_WARN_DIRECT_OBJC_ISA_USAGE = YES_ERROR;
				CLANG_WARN_DOCUMENTATION_COMMENTS = YES;
				CLANG_WARN_EMPTY_BODY = YES;
				CLANG_WARN_ENUM_CONVERSION = YES;
				CLANG_WARN_INFINITE_RECURSION = YES;
				CLANG_WARN_INT_CONVERSION = YES;
				CLANG_WARN_NON_LITERAL_NULL_CONVERSION = YES;
				CLANG_WARN_OBJC_IMPLICIT_RETAIN_SELF = YES;
				CLANG_WARN_OBJC_LITERAL_CONVERSION = YES;
				CLANG_WARN_OBJC_ROOT_CLASS = YES_ERROR;
				CLANG_WARN_QUOTED_INCLUDE_IN_FRAMEWORK_HEADER = YES;
				CLANG_WARN_RANGE_LOOP_ANALYSIS = YES;
				CLANG_WARN_STRICT_PROTOTYPES = YES;
				CLANG_WARN_SUSPICIOUS_MOVE = YES;
				CLANG_WARN_UNGUARDED_AVAILABILITY = YES_AGGRESSIVE;
				CLANG_WARN_UNREACHABLE_CODE = YES;
				CLANG_WARN__DUPLICATE_METHOD_MATCH = YES;
				COPY_PHASE_STRIP = NO;
				DEBUG_INFORMATION_FORMAT = "dwarf-with-dsym";
				ENABLE_NS_ASSERTIONS = NO;
				ENABLE_STRICT_OBJC_MSGSEND = YES;
				GCC_C_LANGUAGE_STANDARD = gnu11;
				GCC_NO_COMMON_BLOCKS = YES;
				GCC_WARN_64_TO_32_BIT_CONVERSION = YES;
				GCC_WARN_ABOUT_RETURN_TYPE = YES_ERROR;
				GCC_WARN_UNDECLARED_SELECTOR = YES;
				GCC_WARN_UNINITIALIZED_AUTOS = YES_AGGRESSIVE;
				GCC_WARN_UNUSED_FUNCTION = YES;
				GCC_WARN_UNUSED_VARIABLE = YES;
				MTL_ENABLE_DEBUG_INFO = NO;
				MTL_FAST_MATH = YES;
				SWIFT_COMPILATION_MODE = wholemodule;
				SWIFT_OPTIMIZATION_LEVEL = "-O";
			};
			name = Release;
		};
		3A3AB2182A92BE1800A55C74 /* Debug */ = {
			isa = XCBuildConfiguration;
			buildSettings = {
				ASSETCATALOG_COMPILER_APPICON_NAME = AppIcon;
				ASSETCATALOG_COMPILER_GLOBAL_ACCENT_COLOR_NAME = AccentColor;
				CODE_SIGN_ENTITLEMENTS = SallyNotes/SallyNotes.entitlements;
				CODE_SIGN_STYLE = Automatic;
				CURRENT_PROJECT_VERSION = 1;
				DEVELOPMENT_ASSET_PATHS = "\"SallyNotes/Preview Content\"";
				ENABLE_PREVIEWS = YES;
				GENERATE_INFOPLIST_FILE = YES;
				"INFOPLIST_KEY_UIApplicationSceneManifest_Generation[sdk=iphoneos*]" = YES;
				"INFOPLIST_KEY_UIApplicationSceneManifest_Generation[sdk=iphonesimulator*]" = YES;
				"INFOPLIST_KEY_UIApplicationSupportsIndirectInputEvents[sdk=iphoneos*]" = YES;
				"INFOPLIST_KEY_UIApplicationSupportsIndirectInputEvents[sdk=iphonesimulator*]" = YES;
				"INFOPLIST_KEY_UILaunchScreen_Generation[sdk=iphoneos*]" = YES;
				"INFOPLIST_KEY_UILaunchScreen_Generation[sdk=iphonesimulator*]" = YES;
				"INFOPLIST_KEY_UIStatusBarStyle[sdk=iphoneos*]" = UIStatusBarStyleDefault;
				"INFOPLIST_KEY_UIStatusBarStyle[sdk=iphonesimulator*]" = UIStatusBarStyleDefault;
				INFOPLIST_KEY_UISupportedInterfaceOrientations_iPad = "UIInterfaceOrientationPortrait UIInterfaceOrientationPortraitUpsideDown UIInterfaceOrientationLandscapeLeft UIInterfaceOrientationLandscapeRight";
				INFOPLIST_KEY_UISupportedInterfaceOrientations_iPhone = "UIInterfaceOrientationPortrait UIInterfaceOrientationLandscapeLeft UIInterfaceOrientationLandscapeRight";
				IPHONEOS_DEPLOYMENT_TARGET = 16.4;
				LD_RUNPATH_SEARCH_PATHS = "@executable_path/Frameworks";
				"LD_RUNPATH_SEARCH_PATHS[sdk=macosx*]" = "@executable_path/../Frameworks";
				MACOSX_DEPLOYMENT_TARGET = 13.3;
				MARKETING_VERSION = 1.0;
				PRODUCT_BUNDLE_IDENTIFIER = sal.brain.SallyNotes;
				PRODUCT_NAME = "$(TARGET_NAME)";
				SDKROOT = auto;
				SUPPORTED_PLATFORMS = "iphoneos iphonesimulator macosx";
				SWIFT_EMIT_LOC_STRINGS = YES;
				SWIFT_VERSION = 5.0;
				TARGETED_DEVICE_FAMILY = "1,2";
			};
			name = Debug;
		};
		3A3AB2192A92BE1800A55C74 /* Release */ = {
			isa = XCBuildConfiguration;
			buildSettings = {
				ASSETCATALOG_COMPILER_APPICON_NAME = AppIcon;
				ASSETCATALOG_COMPILER_GLOBAL_ACCENT_COLOR_NAME = AccentColor;
				CODE_SIGN_ENTITLEMENTS = SallyNotes/SallyNotes.entitlements;
				CODE_SIGN_STYLE = Automatic;
				CURRENT_PROJECT_VERSION = 1;
				DEVELOPMENT_ASSET_PATHS = "\"SallyNotes/Preview Content\"";
				ENABLE_PREVIEWS = YES;
				GENERATE_INFOPLIST_FILE = YES;
				"INFOPLIST_KEY_UIApplicationSceneManifest_Generation[sdk=iphoneos*]" = YES;
				"INFOPLIST_KEY_UIApplicationSceneManifest_Generation[sdk=iphonesimulator*]" = YES;
				"INFOPLIST_KEY_UIApplicationSupportsIndirectInputEvents[sdk=iphoneos*]" = YES;
				"INFOPLIST_KEY_UIApplicationSupportsIndirectInputEvents[sdk=iphonesimulator*]" = YES;
				"INFOPLIST_KEY_UILaunchScreen_Generation[sdk=iphoneos*]" = YES;
				"INFOPLIST_KEY_UILaunchScreen_Generation[sdk=iphonesimulator*]" = YES;
				"INFOPLIST_KEY_UIStatusBarStyle[sdk=iphoneos*]" = UIStatusBarStyleDefault;
				"INFOPLIST_KEY_UIStatusBarStyle[sdk=iphonesimulator*]" = UIStatusBarStyleDefault;
				INFOPLIST_KEY_UISupportedInterfaceOrientations_iPad = "UIInterfaceOrientationPortrait UIInterfaceOrientationPortraitUpsideDown UIInterfaceOrientationLandscapeLeft UIInterfaceOrientationLandscapeRight";
				INFOPLIST_KEY_UISupportedInterfaceOrientations_iPhone = "UIInterfaceOrientationPortrait UIInterfaceOrientationLandscapeLeft UIInterfaceOrientationLandscapeRight";
				IPHONEOS_DEPLOYMENT_TARGET = 16.4;
				LD_RUNPATH_SEARCH_PATHS = "@executable_path/Frameworks";
				"LD_RUNPATH_SEARCH_PATHS[sdk=macosx*]" = "@executable_path/../Frameworks";
				MACOSX_DEPLOYMENT_TARGET = 13.3;
				MARKETING_VERSION = 1.0;
				PRODUCT_BUNDLE_IDENTIFIER = sal.brain.SallyNotes;
				PRODUCT_NAME = "$(TARGET_NAME)";
				SDKROOT = auto;
				SUPPORTED_PLATFORMS = "iphoneos iphonesimulator macosx";
				SWIFT_EMIT_LOC_STRINGS = YES;
				SWIFT_VERSION = 5.0;
				TARGETED_DEVICE_FAMILY = "1,2";
			};
			name = Release;
		};
		3A3AB21B2A92BE1800A55C74 /* Debug */ = {
			isa = XCBuildConfiguration;
			buildSettings = {
				ALWAYS_EMBED_SWIFT_STANDARD_LIBRARIES = YES;
				BUNDLE_LOADER = "$(TEST_HOST)";
				CODE_SIGN_STYLE = Automatic;
				CURRENT_PROJECT_VERSION = 1;
				GENERATE_INFOPLIST_FILE = YES;
				IPHONEOS_DEPLOYMENT_TARGET = 16.4;
				MACOSX_DEPLOYMENT_TARGET = 13.3;
				MARKETING_VERSION = 1.0;
				PRODUCT_BUNDLE_IDENTIFIER = sal.brain.SallyNotesTests;
				PRODUCT_NAME = "$(TARGET_NAME)";
				SDKROOT = auto;
				SUPPORTED_PLATFORMS = "iphoneos iphonesimulator macosx";
				SWIFT_EMIT_LOC_STRINGS = NO;
				SWIFT_VERSION = 5.0;
				TARGETED_DEVICE_FAMILY = "1,2";
				TEST_HOST = "$(BUILT_PRODUCTS_DIR)/SallyNotes.app/$(BUNDLE_EXECUTABLE_FOLDER_PATH)/SallyNotes";
			};
			name = Debug;
		};
		3A3AB21C2A92BE1800A55C74 /* Release */ = {
			isa = XCBuildConfiguration;
			buildSettings = {
				ALWAYS_EMBED_SWIFT_STANDARD_LIBRARIES = YES;
				BUNDLE_LOADER = "$(TEST_HOST)";
				CODE_SIGN_STYLE = Automatic;
				CURRENT_PROJECT_VERSION = 1;
				GENERATE_INFOPLIST_FILE = YES;
				IPHONEOS_DEPLOYMENT_TARGET = 16.4;
				MACOSX_DEPLOYMENT_TARGET = 13.3;
				MARKETING_VERSION = 1.0;
				PRODUCT_BUNDLE_IDENTIFIER = sal.brain.SallyNotesTests;
				PRODUCT_NAME = "$(TARGET_NAME)";
				SDKROOT = auto;
				SUPPORTED_PLATFORMS = "iphoneos iphonesimulator macosx";
				SWIFT_EMIT_LOC_STRINGS = NO;
				SWIFT_VERSION = 5.0;
				TARGETED_DEVICE_FAMILY = "1,2";
				TEST_HOST = "$(BUILT_PRODUCTS_DIR)/SallyNotes.app/$(BUNDLE_EXECUTABLE_FOLDER_PATH)/SallyNotes";
			};
			name = Release;
		};
		3A3AB21E2A92BE1800A55C74 /* Debug */ = {
			isa = XCBuildConfiguration;
			buildSettings = {
				ALWAYS_EMBED_SWIFT_STANDARD_LIBRARIES = YES;
				CODE_SIGN_STYLE = Automatic;
				CURRENT_PROJECT_VERSION = 1;
				GENERATE_INFOPLIST_FILE = YES;
				IPHONEOS_DEPLOYMENT_TARGET = 16.4;
				MACOSX_DEPLOYMENT_TARGET = 13.3;
				MARKETING_VERSION = 1.0;
				PRODUCT_BUNDLE_IDENTIFIER = sal.brain.SallyNotesUITests;
				PRODUCT_NAME = "$(TARGET_NAME)";
				SDKROOT = auto;
				SUPPORTED_PLATFORMS = "iphoneos iphonesimulator macosx";
				SWIFT_EMIT_LOC_STRINGS = NO;
				SWIFT_VERSION = 5.0;
				TARGETED_DEVICE_FAMILY = "1,2";
				TEST_TARGET_NAME = SallyNotes;
			};
			name = Debug;
		};
		3A3AB21F2A92BE1800A55C74 /* Release */ = {
			isa = XCBuildConfiguration;
			buildSettings = {
				ALWAYS_EMBED_SWIFT_STANDARD_LIBRARIES = YES;
				CODE_SIGN_STYLE = Automatic;
				CURRENT_PROJECT_VERSION = 1;
				GENERATE_INFOPLIST_FILE = YES;
				IPHONEOS_DEPLOYMENT_TARGET = 16.4;
				MACOSX_DEPLOYMENT_TARGET = 13.3;
				MARKETING_VERSION = 1.0;
				PRODUCT_BUNDLE_IDENTIFIER = sal.brain.SallyNotesUITests;
				PRODUCT_NAME = "$(TARGET_NAME)";
				SDKROOT = auto;
				SUPPORTED_PLATFORMS = "iphoneos iphonesimulator macosx";
				SWIFT_EMIT_LOC_STRINGS = NO;
				SWIFT_VERSION = 5.0;
				TARGETED_DEVICE_FAMILY = "1,2";
				TEST_TARGET_NAME = SallyNotes;
			};
			name = Release;
		};
/* End XCBuildConfiguration section */

/* Begin XCConfigurationList section */
		3A3AB1ED2A92BE1700A55C74 /* Build configuration list for PBXProject "SallyNotes" */ = {
			isa = XCConfigurationList;
			buildConfigurations = (
				3A3AB2152A92BE1800A55C74 /* Debug */,
				3A3AB2162A92BE1800A55C74 /* Release */,
			);
			defaultConfigurationIsVisible = 0;
			defaultConfigurationName = Release;
		};
		3A3AB2172A92BE1800A55C74 /* Build configuration list for PBXNativeTarget "SallyNotes" */ = {
			isa = XCConfigurationList;
			buildConfigurations = (
				3A3AB2182A92BE1800A55C74 /* Debug */,
				3A3AB2192A92BE1800A55C74 /* Release */,
			);
			defaultConfigurationIsVisible = 0;
			defaultConfigurationName = Release;
		};
		3A3AB21A2A92BE1800A55C74 /* Build configuration list for PBXNativeTarget "SallyNotesTests" */ = {
			isa = XCConfigurationList;
			buildConfigurations = (
				3A3AB21B2A92BE1800A55C74 /* Debug */,
				3A3AB21C2A92BE1800A55C74 /* Release */,
			);
			defaultConfigurationIsVisible = 0;
			defaultConfigurationName = Release;
		};
		3A3AB21D2A92BE1800A55C74 /* Build configuration list for PBXNativeTarget "SallyNotesUITests" */ = {
			isa = XCConfigurationList;
			buildConfigurations = (
				3A3AB21E2A92BE1800A55C74 /* Debug */,
				3A3AB21F2A92BE1800A55C74 /* Release */,
			);
			defaultConfigurationIsVisible = 0;
			defaultConfigurationName = Release;
		};
/* End XCConfigurationList section */
	};
	rootObject = 3A3AB1EA2A92BE1700A55C74 /* Project object */;
}
